{
  "name": "ding-ding",
  "version": "1.0.0",
  "lockfileVersion": 1,
  "requires": true,
  "dependencies": {
    "beeper": {
      "version": "2.0.0",
      "resolved": "https://registry.npmjs.org/beeper/-/beeper-2.0.0.tgz",
      "integrity": "sha512-+ShExQEewPvKdTUOtCAJmkUAgEyNF0QqgiAhPRE5xLvoFkIPt8xuHKaz1gMLzSMS73beHWs9gbRBngdH61nVWw==",
      "requires": {
        "delay": "^4.1.0"
      }
    },
    "delay": {
      "version": "4.4.0",
      "resolved": "https://registry.npmjs.org/delay/-/delay-4.4.0.tgz",
      "integrity": "sha512-txgOrJu3OdtOfTiEOT2e76dJVfG/1dz2NZ4F0Pyt4UGZJryssMRp5vdM5wQoLwSOBNdrJv3F9PAhp/heqd7vrA=="
    }
  }
}
